
Microsoft Visual Studio Solution File, Format Version 12.00
# Visual Studio Version 17
VisualStudioVersion = 17.14.36511.14 d17.14
MinimumVisualStudioVersion = 10.0.40219.1
Project("{FAE04EC0-301F-11D3-BF4B-00C04F79EFBC}") = "Shooter_Demo", "Shooter_Demo\Shooter_Demo.csproj", "{56033495-B702-4438-9218-1139B7CB3676}"
EndProject
Global
	GlobalSection(SolutionConfigurationPlatforms) = preSolution
		Debug|Any CPU = Debug|Any CPU
		Release|Any CPU = Release|Any CPU
	EndGlobalSection
	GlobalSection(ProjectConfigurationPlatforms) = postSolution
		{56033495-B702-4438-9218-1139B7CB3676}.Debug|Any CPU.ActiveCfg = Debug|Any CPU
		{56033495-B702-4438-9218-1139B7CB3676}.Debug|Any CPU.Build.0 = Debug|Any CPU
		{56033495-B702-4438-9218-1139B7CB3676}.Release|Any CPU.ActiveCfg = Release|Any CPU
		{56033495-B702-4438-9218-1139B7CB3676}.Release|Any CPU.Build.0 = Release|Any CPU
	EndGlobalSection
	GlobalSection(SolutionProperties) = preSolution
		HideSolutionNode = FALSE
	EndGlobalSection
	GlobalSection(ExtensibilityGlobals) = postSolution
		SolutionGuid = {36D352FF-FD40-4D35-A8D8-7C1801289B04}
	EndGlobalSection
EndGlobal
